
Microsoft Visual Studio Solution File, Format Version 12.00
# Visual Studio Version 16
VisualStudioVersion = 16.0.29911.84
MinimumVisualStudioVersion = 10.0.40219.1
Project("{9A19103F-16F7-4668-BE54-9A1E7A4F7556}") = "check_identifier", "check_identifier.csproj", "{BFC853F4-35E7-4811-B982-36A981B0D8C5}"
EndProject
Project("{FAE04EC0-301F-11D3-BF4B-00C04F79EFBC}") = "check_identifier_tests", "..\check_identifier_tests\check_identifier_tests.csproj", "{BAA18C25-67ED-4641-8DF1-63307127F5CA}"
EndProject
Global
	GlobalSection(SolutionConfigurationPlatforms) = preSolution
		Debug|Any CPU = Debug|Any CPU
		Release|Any CPU = Release|Any CPU
	EndGlobalSection
	GlobalSection(ProjectConfigurationPlatforms) = postSolution
		{BFC853F4-35E7-4811-B982-36A981B0D8C5}.Debug|Any CPU.ActiveCfg = Debug|Any CPU
		{BFC853F4-35E7-4811-B982-36A981B0D8C5}.Debug|Any CPU.Build.0 = Debug|Any CPU
		{BFC853F4-35E7-4811-B982-36A981B0D8C5}.Release|Any CPU.ActiveCfg = Release|Any CPU
		{BFC853F4-35E7-4811-B982-36A981B0D8C5}.Release|Any CPU.Build.0 = Release|Any CPU
		{BAA18C25-67ED-4641-8DF1-63307127F5CA}.Debug|Any CPU.ActiveCfg = Debug|Any CPU
		{BAA18C25-67ED-4641-8DF1-63307127F5CA}.Debug|Any CPU.Build.0 = Debug|Any CPU
		{BAA18C25-67ED-4641-8DF1-63307127F5CA}.Release|Any CPU.ActiveCfg = Release|Any CPU
		{BAA18C25-67ED-4641-8DF1-63307127F5CA}.Release|Any CPU.Build.0 = Release|Any CPU
	EndGlobalSection
	GlobalSection(SolutionProperties) = preSolution
		HideSolutionNode = FALSE
	EndGlobalSection
	GlobalSection(ExtensibilityGlobals) = postSolution
		SolutionGuid = {4667CC12-18BE-4C55-AEA7-804110160C27}
	EndGlobalSection
EndGlobal
